
Microsoft Visual Studio Solution File, Format Version 12.00
# Visual Studio Version 16
VisualStudioVersion = 25.0.1700.0
MinimumVisualStudioVersion = 10.0.40219.1
Project("{FAE04EC0-301F-11D3-BF4B-00C04F79EFBC}") = "Services", "Services\Services.csproj", "{F84A1B48-92BE-4603-A529-E2021B24CAD9}"
EndProject
Project("{FAE04EC0-301F-11D3-BF4B-00C04F79EFBC}") = "Repository", "Repository\Repository.csproj", "{0E1240A7-50B0-47C7-B350-E4940FE1575D}"
EndProject
Project("{FAE04EC0-301F-11D3-BF4B-00C04F79EFBC}") = "Domain", "Domain\Domain.csproj", "{1DF10DDA-FA4D-4E5D-95B3-E34D30700BA2}"
EndProject
Project("{FAE04EC0-301F-11D3-BF4B-00C04F79EFBC}") = "SermoAPI", "SermoAPI\SermoAPI.csproj", "{B9AA4322-7E90-4133-971F-62E973850FDC}"
EndProject
Project("{FAE04EC0-301F-11D3-BF4B-00C04F79EFBC}") = "SermoWeb", "SermoWeb\SermoWeb.csproj", "{A777AEAA-48D0-4FD9-8C7F-056EABCFA4B6}"
EndProject
Project("{FAE04EC0-301F-11D3-BF4B-00C04F79EFBC}") = "Prog", "Prog\Prog.csproj", "{B4EFE3C4-3AD5-433C-A85D-77BFC7EB9415}"
EndProject
Global
	GlobalSection(SolutionConfigurationPlatforms) = preSolution
		Debug|Any CPU = Debug|Any CPU
		Release|Any CPU = Release|Any CPU
	EndGlobalSection
	GlobalSection(ProjectConfigurationPlatforms) = postSolution
		{F84A1B48-92BE-4603-A529-E2021B24CAD9}.Debug|Any CPU.ActiveCfg = Debug|Any CPU
		{F84A1B48-92BE-4603-A529-E2021B24CAD9}.Debug|Any CPU.Build.0 = Debug|Any CPU
		{F84A1B48-92BE-4603-A529-E2021B24CAD9}.Release|Any CPU.ActiveCfg = Release|Any CPU
		{F84A1B48-92BE-4603-A529-E2021B24CAD9}.Release|Any CPU.Build.0 = Release|Any CPU
		{0E1240A7-50B0-47C7-B350-E4940FE1575D}.Debug|Any CPU.ActiveCfg = Debug|Any CPU
		{0E1240A7-50B0-47C7-B350-E4940FE1575D}.Debug|Any CPU.Build.0 = Debug|Any CPU
		{0E1240A7-50B0-47C7-B350-E4940FE1575D}.Release|Any CPU.ActiveCfg = Release|Any CPU
		{0E1240A7-50B0-47C7-B350-E4940FE1575D}.Release|Any CPU.Build.0 = Release|Any CPU
		{1DF10DDA-FA4D-4E5D-95B3-E34D30700BA2}.Debug|Any CPU.ActiveCfg = Debug|Any CPU
		{1DF10DDA-FA4D-4E5D-95B3-E34D30700BA2}.Debug|Any CPU.Build.0 = Debug|Any CPU
		{1DF10DDA-FA4D-4E5D-95B3-E34D30700BA2}.Release|Any CPU.ActiveCfg = Release|Any CPU
		{1DF10DDA-FA4D-4E5D-95B3-E34D30700BA2}.Release|Any CPU.Build.0 = Release|Any CPU
		{B9AA4322-7E90-4133-971F-62E973850FDC}.Debug|Any CPU.ActiveCfg = Debug|Any CPU
		{B9AA4322-7E90-4133-971F-62E973850FDC}.Debug|Any CPU.Build.0 = Debug|Any CPU
		{B9AA4322-7E90-4133-971F-62E973850FDC}.Release|Any CPU.ActiveCfg = Release|Any CPU
		{B9AA4322-7E90-4133-971F-62E973850FDC}.Release|Any CPU.Build.0 = Release|Any CPU
		{A777AEAA-48D0-4FD9-8C7F-056EABCFA4B6}.Debug|Any CPU.ActiveCfg = Debug|Any CPU
		{A777AEAA-48D0-4FD9-8C7F-056EABCFA4B6}.Debug|Any CPU.Build.0 = Debug|Any CPU
		{A777AEAA-48D0-4FD9-8C7F-056EABCFA4B6}.Release|Any CPU.ActiveCfg = Release|Any CPU
		{A777AEAA-48D0-4FD9-8C7F-056EABCFA4B6}.Release|Any CPU.Build.0 = Release|Any CPU
		{B4EFE3C4-3AD5-433C-A85D-77BFC7EB9415}.Debug|Any CPU.ActiveCfg = Debug|Any CPU
		{B4EFE3C4-3AD5-433C-A85D-77BFC7EB9415}.Debug|Any CPU.Build.0 = Debug|Any CPU
		{B4EFE3C4-3AD5-433C-A85D-77BFC7EB9415}.Release|Any CPU.ActiveCfg = Release|Any CPU
		{B4EFE3C4-3AD5-433C-A85D-77BFC7EB9415}.Release|Any CPU.Build.0 = Release|Any CPU
	EndGlobalSection
	GlobalSection(SolutionProperties) = preSolution
		HideSolutionNode = FALSE
	EndGlobalSection
	GlobalSection(ExtensibilityGlobals) = postSolution
		SolutionGuid = {C3EC71B3-A175-4D21-92E1-8CFDE07399BB}
	EndGlobalSection
EndGlobal
